
Microsoft Visual Studio Solution File, Format Version 12.00
# Visual Studio Version 16
VisualStudioVersion = 16.0.29001.49
MinimumVisualStudioVersion = 16.0.26124.0
Project("{9A19103F-16F7-4668-BE54-9A1E7A4F7556}") = "SmartAdmin.WebUI", "src\SmartAdmin.WebUI\SmartAdmin.WebUI.csproj", "{52722178-0138-4B74-B84B-D1F6F5BEFEE6}"
EndProject
Project("{2150E333-8FDC-42A3-9474-1A3956D46DE8}") = "Solution Items", "Solution Items", "{E3580F9C-2DDF-488C-85C7-C689E48F5303}"
	ProjectSection(SolutionItems) = preProject
		.editorconfig = .editorconfig
		.gitattributes = .gitattributes
		.gitignore = .gitignore
		NuGet.config = NuGet.config
	EndProjectSection
EndProject
Project("{2150E333-8FDC-42A3-9474-1A3956D46DE8}") = "docs", "docs", "{7D347DC7-5535-4079-9B61-80D4B5B0E829}"
	ProjectSection(SolutionItems) = preProject
		CONTRIBUTING.md = CONTRIBUTING.md
		LICENSE.md = LICENSE.md
		README.md = README.md
	EndProjectSection
EndProject
Project("{2150E333-8FDC-42A3-9474-1A3956D46DE8}") = "src", "src", "{E75F4F9C-0E0F-4A45-A30A-D8455EAE0BB6}"
EndProject
Project("{2150E333-8FDC-42A3-9474-1A3956D46DE8}") = "URF.Core", "URF.Core", "{1AA14203-1078-4C98-8775-0486E0058722}"
EndProject
Project("{9A19103F-16F7-4668-BE54-9A1E7A4F7556}") = "URF.Core.Abstractions", "src\URF.Core\URF.Core.Abstractions\URF.Core.Abstractions.csproj", "{B6EE0CEB-C291-4A82-8809-ED485212D6BA}"
EndProject
Project("{9A19103F-16F7-4668-BE54-9A1E7A4F7556}") = "URF.Core.Abstractions.Services", "src\URF.Core\URF.Core.Abstractions.Services\URF.Core.Abstractions.Services.csproj", "{F3243F9A-FED5-40B8-9AE6-2C527E80F339}"
EndProject
Project("{9A19103F-16F7-4668-BE54-9A1E7A4F7556}") = "URF.Core.Abstractions.Trackable", "src\URF.Core\URF.Core.Abstractions.Trackable\URF.Core.Abstractions.Trackable.csproj", "{066513C9-8BC2-4655-BB1D-BB8468E2781C}"
EndProject
Project("{9A19103F-16F7-4668-BE54-9A1E7A4F7556}") = "URF.Core.EF", "src\URF.Core\URF.Core.EF\URF.Core.EF.csproj", "{BABD4B18-52DF-4165-8254-85F4BC934A87}"
EndProject
Project("{9A19103F-16F7-4668-BE54-9A1E7A4F7556}") = "URF.Core.EF.Tests", "src\URF.Core\URF.Core.EF.Tests\URF.Core.EF.Tests.csproj", "{95ADAF92-104A-41D2-B062-6A497FFA644E}"
EndProject
Project("{9A19103F-16F7-4668-BE54-9A1E7A4F7556}") = "URF.Core.EF.Trackable", "src\URF.Core\URF.Core.EF.Trackable\URF.Core.EF.Trackable.csproj", "{D2F175C3-892C-4F0E-B2DC-BD555801F978}"
EndProject
Project("{9A19103F-16F7-4668-BE54-9A1E7A4F7556}") = "URF.Core.Mongo", "src\URF.Core\URF.Core.Mongo\URF.Core.Mongo.csproj", "{9888D97E-9A4E-491D-A234-C0159E7ABCB7}"
EndProject
Project("{9A19103F-16F7-4668-BE54-9A1E7A4F7556}") = "URF.Core.Mongo.Tests", "src\URF.Core\URF.Core.Mongo.Tests\URF.Core.Mongo.Tests.csproj", "{216798C9-D0AE-4A08-A731-9A6F5BCA5655}"
EndProject
Project("{9A19103F-16F7-4668-BE54-9A1E7A4F7556}") = "URF.Core.Services", "src\URF.Core\URF.Core.Services\URF.Core.Services.csproj", "{8A76E730-5C6E-4EC0-B0EB-63EEC571BFE3}"
EndProject
Project("{9A19103F-16F7-4668-BE54-9A1E7A4F7556}") = "SmartAdmin.Data", "src\SmartAdmin.Data\SmartAdmin.Data.csproj", "{3065564E-0195-4DCB-BCAC-69B0718304F5}"
EndProject
Project("{9A19103F-16F7-4668-BE54-9A1E7A4F7556}") = "SmartAdmin.Entity", "src\SmartAdmin.Entity\SmartAdmin.Entity.csproj", "{DB9194B1-4DEA-4F70-BB7F-513BC018A5D0}"
EndProject
Project("{9A19103F-16F7-4668-BE54-9A1E7A4F7556}") = "SmartAdmin.Repository", "src\SmartAdmin.Repository\SmartAdmin.Repository.csproj", "{72B3AAD4-C02B-4103-B515-CC3F8461284E}"
EndProject
Project("{9A19103F-16F7-4668-BE54-9A1E7A4F7556}") = "SmartAdmin.Service", "src\SmartAdmin.Service\SmartAdmin.Service.csproj", "{3CD00BDF-1B96-424C-B899-96FF22958998}"
EndProject
Project("{9A19103F-16F7-4668-BE54-9A1E7A4F7556}") = "SmartAdmin.Dto", "src\SmartAdmin.Dto\SmartAdmin.Dto.csproj", "{D2E912CE-058E-44A5-9D3C-E0BDAC884734}"
EndProject
Project("{FAE04EC0-301F-11D3-BF4B-00C04F79EFBC}") = "SmartAdmin.Domain", "src\SmartAdmin.Domain\SmartAdmin.Domain.csproj", "{1D01BC32-6F3C-48B9-B2B0-9B8EA7867F0B}"
EndProject
Global
	GlobalSection(SolutionConfigurationPlatforms) = preSolution
		Debug|Any CPU = Debug|Any CPU
		Debug|x64 = Debug|x64
		Debug|x86 = Debug|x86
		Release|Any CPU = Release|Any CPU
		Release|x64 = Release|x64
		Release|x86 = Release|x86
	EndGlobalSection
	GlobalSection(ProjectConfigurationPlatforms) = postSolution
		{52722178-0138-4B74-B84B-D1F6F5BEFEE6}.Debug|Any CPU.ActiveCfg = Debug|Any CPU
		{52722178-0138-4B74-B84B-D1F6F5BEFEE6}.Debug|Any CPU.Build.0 = Debug|Any CPU
		{52722178-0138-4B74-B84B-D1F6F5BEFEE6}.Debug|x64.ActiveCfg = Debug|Any CPU
		{52722178-0138-4B74-B84B-D1F6F5BEFEE6}.Debug|x64.Build.0 = Debug|Any CPU
		{52722178-0138-4B74-B84B-D1F6F5BEFEE6}.Debug|x86.ActiveCfg = Debug|Any CPU
		{52722178-0138-4B74-B84B-D1F6F5BEFEE6}.Debug|x86.Build.0 = Debug|Any CPU
		{52722178-0138-4B74-B84B-D1F6F5BEFEE6}.Release|Any CPU.ActiveCfg = Release|Any CPU
		{52722178-0138-4B74-B84B-D1F6F5BEFEE6}.Release|Any CPU.Build.0 = Release|Any CPU
		{52722178-0138-4B74-B84B-D1F6F5BEFEE6}.Release|x64.ActiveCfg = Release|Any CPU
		{52722178-0138-4B74-B84B-D1F6F5BEFEE6}.Release|x64.Build.0 = Release|Any CPU
		{52722178-0138-4B74-B84B-D1F6F5BEFEE6}.Release|x86.ActiveCfg = Release|Any CPU
		{52722178-0138-4B74-B84B-D1F6F5BEFEE6}.Release|x86.Build.0 = Release|Any CPU
		{B6EE0CEB-C291-4A82-8809-ED485212D6BA}.Debug|Any CPU.ActiveCfg = Debug|Any CPU
		{B6EE0CEB-C291-4A82-8809-ED485212D6BA}.Debug|Any CPU.Build.0 = Debug|Any CPU
		{B6EE0CEB-C291-4A82-8809-ED485212D6BA}.Debug|x64.ActiveCfg = Debug|Any CPU
		{B6EE0CEB-C291-4A82-8809-ED485212D6BA}.Debug|x64.Build.0 = Debug|Any CPU
		{B6EE0CEB-C291-4A82-8809-ED485212D6BA}.Debug|x86.ActiveCfg = Debug|Any CPU
		{B6EE0CEB-C291-4A82-8809-ED485212D6BA}.Debug|x86.Build.0 = Debug|Any CPU
		{B6EE0CEB-C291-4A82-8809-ED485212D6BA}.Release|Any CPU.ActiveCfg = Release|Any CPU
		{B6EE0CEB-C291-4A82-8809-ED485212D6BA}.Release|Any CPU.Build.0 = Release|Any CPU
		{B6EE0CEB-C291-4A82-8809-ED485212D6BA}.Release|x64.ActiveCfg = Release|Any CPU
		{B6EE0CEB-C291-4A82-8809-ED485212D6BA}.Release|x64.Build.0 = Release|Any CPU
		{B6EE0CEB-C291-4A82-8809-ED485212D6BA}.Release|x86.ActiveCfg = Release|Any CPU
		{B6EE0CEB-C291-4A82-8809-ED485212D6BA}.Release|x86.Build.0 = Release|Any CPU
		{F3243F9A-FED5-40B8-9AE6-2C527E80F339}.Debug|Any CPU.ActiveCfg = Debug|Any CPU
		{F3243F9A-FED5-40B8-9AE6-2C527E80F339}.Debug|Any CPU.Build.0 = Debug|Any CPU
		{F3243F9A-FED5-40B8-9AE6-2C527E80F339}.Debug|x64.ActiveCfg = Debug|Any CPU
		{F3243F9A-FED5-40B8-9AE6-2C527E80F339}.Debug|x64.Build.0 = Debug|Any CPU
		{F3243F9A-FED5-40B8-9AE6-2C527E80F339}.Debug|x86.ActiveCfg = Debug|Any CPU
		{F3243F9A-FED5-40B8-9AE6-2C527E80F339}.Debug|x86.Build.0 = Debug|Any CPU
		{F3243F9A-FED5-40B8-9AE6-2C527E80F339}.Release|Any CPU.ActiveCfg = Release|Any CPU
		{F3243F9A-FED5-40B8-9AE6-2C527E80F339}.Release|Any CPU.Build.0 = Release|Any CPU
		{F3243F9A-FED5-40B8-9AE6-2C527E80F339}.Release|x64.ActiveCfg = Release|Any CPU
		{F3243F9A-FED5-40B8-9AE6-2C527E80F339}.Release|x64.Build.0 = Release|Any CPU
		{F3243F9A-FED5-40B8-9AE6-2C527E80F339}.Release|x86.ActiveCfg = Release|Any CPU
		{F3243F9A-FED5-40B8-9AE6-2C527E80F339}.Release|x86.Build.0 = Release|Any CPU
		{066513C9-8BC2-4655-BB1D-BB8468E2781C}.Debug|Any CPU.ActiveCfg = Debug|Any CPU
		{066513C9-8BC2-4655-BB1D-BB8468E2781C}.Debug|Any CPU.Build.0 = Debug|Any CPU
		{066513C9-8BC2-4655-BB1D-BB8468E2781C}.Debug|x64.ActiveCfg = Debug|Any CPU
		{066513C9-8BC2-4655-BB1D-BB8468E2781C}.Debug|x64.Build.0 = Debug|Any CPU
		{066513C9-8BC2-4655-BB1D-BB8468E2781C}.Debug|x86.ActiveCfg = Debug|Any CPU
		{066513C9-8BC2-4655-BB1D-BB8468E2781C}.Debug|x86.Build.0 = Debug|Any CPU
		{066513C9-8BC2-4655-BB1D-BB8468E2781C}.Release|Any CPU.ActiveCfg = Release|Any CPU
		{066513C9-8BC2-4655-BB1D-BB8468E2781C}.Release|Any CPU.Build.0 = Release|Any CPU
		{066513C9-8BC2-4655-BB1D-BB8468E2781C}.Release|x64.ActiveCfg = Release|Any CPU
		{066513C9-8BC2-4655-BB1D-BB8468E2781C}.Release|x64.Build.0 = Release|Any CPU
		{066513C9-8BC2-4655-BB1D-BB8468E2781C}.Release|x86.ActiveCfg = Release|Any CPU
		{066513C9-8BC2-4655-BB1D-BB8468E2781C}.Release|x86.Build.0 = Release|Any CPU
		{BABD4B18-52DF-4165-8254-85F4BC934A87}.Debug|Any CPU.ActiveCfg = Debug|Any CPU
		{BABD4B18-52DF-4165-8254-85F4BC934A87}.Debug|Any CPU.Build.0 = Debug|Any CPU
		{BABD4B18-52DF-4165-8254-85F4BC934A87}.Debug|x64.ActiveCfg = Debug|Any CPU
		{BABD4B18-52DF-4165-8254-85F4BC934A87}.Debug|x64.Build.0 = Debug|Any CPU
		{BABD4B18-52DF-4165-8254-85F4BC934A87}.Debug|x86.ActiveCfg = Debug|Any CPU
		{BABD4B18-52DF-4165-8254-85F4BC934A87}.Debug|x86.Build.0 = Debug|Any CPU
		{BABD4B18-52DF-4165-8254-85F4BC934A87}.Release|Any CPU.ActiveCfg = Release|Any CPU
		{BABD4B18-52DF-4165-8254-85F4BC934A87}.Release|Any CPU.Build.0 = Release|Any CPU
		{BABD4B18-52DF-4165-8254-85F4BC934A87}.Release|x64.ActiveCfg = Release|Any CPU
		{BABD4B18-52DF-4165-8254-85F4BC934A87}.Release|x64.Build.0 = Release|Any CPU
		{BABD4B18-52DF-4165-8254-85F4BC934A87}.Release|x86.ActiveCfg = Release|Any CPU
		{BABD4B18-52DF-4165-8254-85F4BC934A87}.Release|x86.Build.0 = Release|Any CPU
		{95ADAF92-104A-41D2-B062-6A497FFA644E}.Debug|Any CPU.ActiveCfg = Debug|Any CPU
		{95ADAF92-104A-41D2-B062-6A497FFA644E}.Debug|Any CPU.Build.0 = Debug|Any CPU
		{95ADAF92-104A-41D2-B062-6A497FFA644E}.Debug|x64.ActiveCfg = Debug|Any CPU
		{95ADAF92-104A-41D2-B062-6A497FFA644E}.Debug|x64.Build.0 = Debug|Any CPU
		{95ADAF92-104A-41D2-B062-6A497FFA644E}.Debug|x86.ActiveCfg = Debug|Any CPU
		{95ADAF92-104A-41D2-B062-6A497FFA644E}.Debug|x86.Build.0 = Debug|Any CPU
		{95ADAF92-104A-41D2-B062-6A497FFA644E}.Release|Any CPU.ActiveCfg = Release|Any CPU
		{95ADAF92-104A-41D2-B062-6A497FFA644E}.Release|Any CPU.Build.0 = Release|Any CPU
		{95ADAF92-104A-41D2-B062-6A497FFA644E}.Release|x64.ActiveCfg = Release|Any CPU
		{95ADAF92-104A-41D2-B062-6A497FFA644E}.Release|x64.Build.0 = Release|Any CPU
		{95ADAF92-104A-41D2-B062-6A497FFA644E}.Release|x86.ActiveCfg = Release|Any CPU
		{95ADAF92-104A-41D2-B062-6A497FFA644E}.Release|x86.Build.0 = Release|Any CPU
		{D2F175C3-892C-4F0E-B2DC-BD555801F978}.Debug|Any CPU.ActiveCfg = Debug|Any CPU
		{D2F175C3-892C-4F0E-B2DC-BD555801F978}.Debug|Any CPU.Build.0 = Debug|Any CPU
		{D2F175C3-892C-4F0E-B2DC-BD555801F978}.Debug|x64.ActiveCfg = Debug|Any CPU
		{D2F175C3-892C-4F0E-B2DC-BD555801F978}.Debug|x64.Build.0 = Debug|Any CPU
		{D2F175C3-892C-4F0E-B2DC-BD555801F978}.Debug|x86.ActiveCfg = Debug|Any CPU
		{D2F175C3-892C-4F0E-B2DC-BD555801F978}.Debug|x86.Build.0 = Debug|Any CPU
		{D2F175C3-892C-4F0E-B2DC-BD555801F978}.Release|Any CPU.ActiveCfg = Release|Any CPU
		{D2F175C3-892C-4F0E-B2DC-BD555801F978}.Release|Any CPU.Build.0 = Release|Any CPU
		{D2F175C3-892C-4F0E-B2DC-BD555801F978}.Release|x64.ActiveCfg = Release|Any CPU
		{D2F175C3-892C-4F0E-B2DC-BD555801F978}.Release|x64.Build.0 = Release|Any CPU
		{D2F175C3-892C-4F0E-B2DC-BD555801F978}.Release|x86.ActiveCfg = Release|Any CPU
		{D2F175C3-892C-4F0E-B2DC-BD555801F978}.Release|x86.Build.0 = Release|Any CPU
		{9888D97E-9A4E-491D-A234-C0159E7ABCB7}.Debug|Any CPU.ActiveCfg = Debug|Any CPU
		{9888D97E-9A4E-491D-A234-C0159E7ABCB7}.Debug|Any CPU.Build.0 = Debug|Any CPU
		{9888D97E-9A4E-491D-A234-C0159E7ABCB7}.Debug|x64.ActiveCfg = Debug|Any CPU
		{9888D97E-9A4E-491D-A234-C0159E7ABCB7}.Debug|x64.Build.0 = Debug|Any CPU
		{9888D97E-9A4E-491D-A234-C0159E7ABCB7}.Debug|x86.ActiveCfg = Debug|Any CPU
		{9888D97E-9A4E-491D-A234-C0159E7ABCB7}.Debug|x86.Build.0 = Debug|Any CPU
		{9888D97E-9A4E-491D-A234-C0159E7ABCB7}.Release|Any CPU.ActiveCfg = Release|Any CPU
		{9888D97E-9A4E-491D-A234-C0159E7ABCB7}.Release|Any CPU.Build.0 = Release|Any CPU
		{9888D97E-9A4E-491D-A234-C0159E7ABCB7}.Release|x64.ActiveCfg = Release|Any CPU
		{9888D97E-9A4E-491D-A234-C0159E7ABCB7}.Release|x64.Build.0 = Release|Any CPU
		{9888D97E-9A4E-491D-A234-C0159E7ABCB7}.Release|x86.ActiveCfg = Release|Any CPU
		{9888D97E-9A4E-491D-A234-C0159E7ABCB7}.Release|x86.Build.0 = Release|Any CPU
		{216798C9-D0AE-4A08-A731-9A6F5BCA5655}.Debug|Any CPU.ActiveCfg = Debug|Any CPU
		{216798C9-D0AE-4A08-A731-9A6F5BCA5655}.Debug|Any CPU.Build.0 = Debug|Any CPU
		{216798C9-D0AE-4A08-A731-9A6F5BCA5655}.Debug|x64.ActiveCfg = Debug|Any CPU
		{216798C9-D0AE-4A08-A731-9A6F5BCA5655}.Debug|x64.Build.0 = Debug|Any CPU
		{216798C9-D0AE-4A08-A731-9A6F5BCA5655}.Debug|x86.ActiveCfg = Debug|Any CPU
		{216798C9-D0AE-4A08-A731-9A6F5BCA5655}.Debug|x86.Build.0 = Debug|Any CPU
		{216798C9-D0AE-4A08-A731-9A6F5BCA5655}.Release|Any CPU.ActiveCfg = Release|Any CPU
		{216798C9-D0AE-4A08-A731-9A6F5BCA5655}.Release|Any CPU.Build.0 = Release|Any CPU
		{216798C9-D0AE-4A08-A731-9A6F5BCA5655}.Release|x64.ActiveCfg = Release|Any CPU
		{216798C9-D0AE-4A08-A731-9A6F5BCA5655}.Release|x64.Build.0 = Release|Any CPU
		{216798C9-D0AE-4A08-A731-9A6F5BCA5655}.Release|x86.ActiveCfg = Release|Any CPU
		{216798C9-D0AE-4A08-A731-9A6F5BCA5655}.Release|x86.Build.0 = Release|Any CPU
		{8A76E730-5C6E-4EC0-B0EB-63EEC571BFE3}.Debug|Any CPU.ActiveCfg = Debug|Any CPU
		{8A76E730-5C6E-4EC0-B0EB-63EEC571BFE3}.Debug|Any CPU.Build.0 = Debug|Any CPU
		{8A76E730-5C6E-4EC0-B0EB-63EEC571BFE3}.Debug|x64.ActiveCfg = Debug|Any CPU
		{8A76E730-5C6E-4EC0-B0EB-63EEC571BFE3}.Debug|x64.Build.0 = Debug|Any CPU
		{8A76E730-5C6E-4EC0-B0EB-63EEC571BFE3}.Debug|x86.ActiveCfg = Debug|Any CPU
		{8A76E730-5C6E-4EC0-B0EB-63EEC571BFE3}.Debug|x86.Build.0 = Debug|Any CPU
		{8A76E730-5C6E-4EC0-B0EB-63EEC571BFE3}.Release|Any CPU.ActiveCfg = Release|Any CPU
		{8A76E730-5C6E-4EC0-B0EB-63EEC571BFE3}.Release|Any CPU.Build.0 = Release|Any CPU
		{8A76E730-5C6E-4EC0-B0EB-63EEC571BFE3}.Release|x64.ActiveCfg = Release|Any CPU
		{8A76E730-5C6E-4EC0-B0EB-63EEC571BFE3}.Release|x64.Build.0 = Release|Any CPU
		{8A76E730-5C6E-4EC0-B0EB-63EEC571BFE3}.Release|x86.ActiveCfg = Release|Any CPU
		{8A76E730-5C6E-4EC0-B0EB-63EEC571BFE3}.Release|x86.Build.0 = Release|Any CPU
		{3065564E-0195-4DCB-BCAC-69B0718304F5}.Debug|Any CPU.ActiveCfg = Debug|Any CPU
		{3065564E-0195-4DCB-BCAC-69B0718304F5}.Debug|Any CPU.Build.0 = Debug|Any CPU
		{3065564E-0195-4DCB-BCAC-69B0718304F5}.Debug|x64.ActiveCfg = Debug|Any CPU
		{3065564E-0195-4DCB-BCAC-69B0718304F5}.Debug|x64.Build.0 = Debug|Any CPU
		{3065564E-0195-4DCB-BCAC-69B0718304F5}.Debug|x86.ActiveCfg = Debug|Any CPU
		{3065564E-0195-4DCB-BCAC-69B0718304F5}.Debug|x86.Build.0 = Debug|Any CPU
		{3065564E-0195-4DCB-BCAC-69B0718304F5}.Release|Any CPU.ActiveCfg = Release|Any CPU
		{3065564E-0195-4DCB-BCAC-69B0718304F5}.Release|Any CPU.Build.0 = Release|Any CPU
		{3065564E-0195-4DCB-BCAC-69B0718304F5}.Release|x64.ActiveCfg = Release|Any CPU
		{3065564E-0195-4DCB-BCAC-69B0718304F5}.Release|x64.Build.0 = Release|Any CPU
		{3065564E-0195-4DCB-BCAC-69B0718304F5}.Release|x86.ActiveCfg = Release|Any CPU
		{3065564E-0195-4DCB-BCAC-69B0718304F5}.Release|x86.Build.0 = Release|Any CPU
		{DB9194B1-4DEA-4F70-BB7F-513BC018A5D0}.Debug|Any CPU.ActiveCfg = Debug|Any CPU
		{DB9194B1-4DEA-4F70-BB7F-513BC018A5D0}.Debug|Any CPU.Build.0 = Debug|Any CPU
		{DB9194B1-4DEA-4F70-BB7F-513BC018A5D0}.Debug|x64.ActiveCfg = Debug|Any CPU
		{DB9194B1-4DEA-4F70-BB7F-513BC018A5D0}.Debug|x64.Build.0 = Debug|Any CPU
		{DB9194B1-4DEA-4F70-BB7F-513BC018A5D0}.Debug|x86.ActiveCfg = Debug|Any CPU
		{DB9194B1-4DEA-4F70-BB7F-513BC018A5D0}.Debug|x86.Build.0 = Debug|Any CPU
		{DB9194B1-4DEA-4F70-BB7F-513BC018A5D0}.Release|Any CPU.ActiveCfg = Release|Any CPU
		{DB9194B1-4DEA-4F70-BB7F-513BC018A5D0}.Release|Any CPU.Build.0 = Release|Any CPU
		{DB9194B1-4DEA-4F70-BB7F-513BC018A5D0}.Release|x64.ActiveCfg = Release|Any CPU
		{DB9194B1-4DEA-4F70-BB7F-513BC018A5D0}.Release|x64.Build.0 = Release|Any CPU
		{DB9194B1-4DEA-4F70-BB7F-513BC018A5D0}.Release|x86.ActiveCfg = Release|Any CPU
		{DB9194B1-4DEA-4F70-BB7F-513BC018A5D0}.Release|x86.Build.0 = Release|Any CPU
		{72B3AAD4-C02B-4103-B515-CC3F8461284E}.Debug|Any CPU.ActiveCfg = Debug|Any CPU
		{72B3AAD4-C02B-4103-B515-CC3F8461284E}.Debug|Any CPU.Build.0 = Debug|Any CPU
		{72B3AAD4-C02B-4103-B515-CC3F8461284E}.Debug|x64.ActiveCfg = Debug|Any CPU
		{72B3AAD4-C02B-4103-B515-CC3F8461284E}.Debug|x64.Build.0 = Debug|Any CPU
		{72B3AAD4-C02B-4103-B515-CC3F8461284E}.Debug|x86.ActiveCfg = Debug|Any CPU
		{72B3AAD4-C02B-4103-B515-CC3F8461284E}.Debug|x86.Build.0 = Debug|Any CPU
		{72B3AAD4-C02B-4103-B515-CC3F8461284E}.Release|Any CPU.ActiveCfg = Release|Any CPU
		{72B3AAD4-C02B-4103-B515-CC3F8461284E}.Release|Any CPU.Build.0 = Release|Any CPU
		{72B3AAD4-C02B-4103-B515-CC3F8461284E}.Release|x64.ActiveCfg = Release|Any CPU
		{72B3AAD4-C02B-4103-B515-CC3F8461284E}.Release|x64.Build.0 = Release|Any CPU
		{72B3AAD4-C02B-4103-B515-CC3F8461284E}.Release|x86.ActiveCfg = Release|Any CPU
		{72B3AAD4-C02B-4103-B515-CC3F8461284E}.Release|x86.Build.0 = Release|Any CPU
		{3CD00BDF-1B96-424C-B899-96FF22958998}.Debug|Any CPU.ActiveCfg = Debug|Any CPU
		{3CD00BDF-1B96-424C-B899-96FF22958998}.Debug|Any CPU.Build.0 = Debug|Any CPU
		{3CD00BDF-1B96-424C-B899-96FF22958998}.Debug|x64.ActiveCfg = Debug|Any CPU
		{3CD00BDF-1B96-424C-B899-96FF22958998}.Debug|x64.Build.0 = Debug|Any CPU
		{3CD00BDF-1B96-424C-B899-96FF22958998}.Debug|x86.ActiveCfg = Debug|Any CPU
		{3CD00BDF-1B96-424C-B899-96FF22958998}.Debug|x86.Build.0 = Debug|Any CPU
		{3CD00BDF-1B96-424C-B899-96FF22958998}.Release|Any CPU.ActiveCfg = Release|Any CPU
		{3CD00BDF-1B96-424C-B899-96FF22958998}.Release|Any CPU.Build.0 = Release|Any CPU
		{3CD00BDF-1B96-424C-B899-96FF22958998}.Release|x64.ActiveCfg = Release|Any CPU
		{3CD00BDF-1B96-424C-B899-96FF22958998}.Release|x64.Build.0 = Release|Any CPU
		{3CD00BDF-1B96-424C-B899-96FF22958998}.Release|x86.ActiveCfg = Release|Any CPU
		{3CD00BDF-1B96-424C-B899-96FF22958998}.Release|x86.Build.0 = Release|Any CPU
		{D2E912CE-058E-44A5-9D3C-E0BDAC884734}.Debug|Any CPU.ActiveCfg = Debug|Any CPU
		{D2E912CE-058E-44A5-9D3C-E0BDAC884734}.Debug|Any CPU.Build.0 = Debug|Any CPU
		{D2E912CE-058E-44A5-9D3C-E0BDAC884734}.Debug|x64.ActiveCfg = Debug|Any CPU
		{D2E912CE-058E-44A5-9D3C-E0BDAC884734}.Debug|x64.Build.0 = Debug|Any CPU
		{D2E912CE-058E-44A5-9D3C-E0BDAC884734}.Debug|x86.ActiveCfg = Debug|Any CPU
		{D2E912CE-058E-44A5-9D3C-E0BDAC884734}.Debug|x86.Build.0 = Debug|Any CPU
		{D2E912CE-058E-44A5-9D3C-E0BDAC884734}.Release|Any CPU.ActiveCfg = Release|Any CPU
		{D2E912CE-058E-44A5-9D3C-E0BDAC884734}.Release|Any CPU.Build.0 = Release|Any CPU
		{D2E912CE-058E-44A5-9D3C-E0BDAC884734}.Release|x64.ActiveCfg = Release|Any CPU
		{D2E912CE-058E-44A5-9D3C-E0BDAC884734}.Release|x64.Build.0 = Release|Any CPU
		{D2E912CE-058E-44A5-9D3C-E0BDAC884734}.Release|x86.ActiveCfg = Release|Any CPU
		{D2E912CE-058E-44A5-9D3C-E0BDAC884734}.Release|x86.Build.0 = Release|Any CPU
		{1D01BC32-6F3C-48B9-B2B0-9B8EA7867F0B}.Debug|Any CPU.ActiveCfg = Debug|Any CPU
		{1D01BC32-6F3C-48B9-B2B0-9B8EA7867F0B}.Debug|Any CPU.Build.0 = Debug|Any CPU
		{1D01BC32-6F3C-48B9-B2B0-9B8EA7867F0B}.Debug|x64.ActiveCfg = Debug|Any CPU
		{1D01BC32-6F3C-48B9-B2B0-9B8EA7867F0B}.Debug|x64.Build.0 = Debug|Any CPU
		{1D01BC32-6F3C-48B9-B2B0-9B8EA7867F0B}.Debug|x86.ActiveCfg = Debug|Any CPU
		{1D01BC32-6F3C-48B9-B2B0-9B8EA7867F0B}.Debug|x86.Build.0 = Debug|Any CPU
		{1D01BC32-6F3C-48B9-B2B0-9B8EA7867F0B}.Release|Any CPU.ActiveCfg = Release|Any CPU
		{1D01BC32-6F3C-48B9-B2B0-9B8EA7867F0B}.Release|Any CPU.Build.0 = Release|Any CPU
		{1D01BC32-6F3C-48B9-B2B0-9B8EA7867F0B}.Release|x64.ActiveCfg = Release|Any CPU
		{1D01BC32-6F3C-48B9-B2B0-9B8EA7867F0B}.Release|x64.Build.0 = Release|Any CPU
		{1D01BC32-6F3C-48B9-B2B0-9B8EA7867F0B}.Release|x86.ActiveCfg = Release|Any CPU
		{1D01BC32-6F3C-48B9-B2B0-9B8EA7867F0B}.Release|x86.Build.0 = Release|Any CPU
	EndGlobalSection
	GlobalSection(SolutionProperties) = preSolution
		HideSolutionNode = FALSE
	EndGlobalSection
	GlobalSection(NestedProjects) = preSolution
		{52722178-0138-4B74-B84B-D1F6F5BEFEE6} = {E75F4F9C-0E0F-4A45-A30A-D8455EAE0BB6}
		{1AA14203-1078-4C98-8775-0486E0058722} = {E75F4F9C-0E0F-4A45-A30A-D8455EAE0BB6}
		{B6EE0CEB-C291-4A82-8809-ED485212D6BA} = {1AA14203-1078-4C98-8775-0486E0058722}
		{F3243F9A-FED5-40B8-9AE6-2C527E80F339} = {1AA14203-1078-4C98-8775-0486E0058722}
		{066513C9-8BC2-4655-BB1D-BB8468E2781C} = {1AA14203-1078-4C98-8775-0486E0058722}
		{BABD4B18-52DF-4165-8254-85F4BC934A87} = {1AA14203-1078-4C98-8775-0486E0058722}
		{95ADAF92-104A-41D2-B062-6A497FFA644E} = {1AA14203-1078-4C98-8775-0486E0058722}
		{D2F175C3-892C-4F0E-B2DC-BD555801F978} = {1AA14203-1078-4C98-8775-0486E0058722}
		{9888D97E-9A4E-491D-A234-C0159E7ABCB7} = {1AA14203-1078-4C98-8775-0486E0058722}
		{216798C9-D0AE-4A08-A731-9A6F5BCA5655} = {1AA14203-1078-4C98-8775-0486E0058722}
		{8A76E730-5C6E-4EC0-B0EB-63EEC571BFE3} = {1AA14203-1078-4C98-8775-0486E0058722}
		{3065564E-0195-4DCB-BCAC-69B0718304F5} = {E75F4F9C-0E0F-4A45-A30A-D8455EAE0BB6}
		{DB9194B1-4DEA-4F70-BB7F-513BC018A5D0} = {E75F4F9C-0E0F-4A45-A30A-D8455EAE0BB6}
		{72B3AAD4-C02B-4103-B515-CC3F8461284E} = {E75F4F9C-0E0F-4A45-A30A-D8455EAE0BB6}
		{3CD00BDF-1B96-424C-B899-96FF22958998} = {E75F4F9C-0E0F-4A45-A30A-D8455EAE0BB6}
		{D2E912CE-058E-44A5-9D3C-E0BDAC884734} = {E75F4F9C-0E0F-4A45-A30A-D8455EAE0BB6}
		{1D01BC32-6F3C-48B9-B2B0-9B8EA7867F0B} = {E75F4F9C-0E0F-4A45-A30A-D8455EAE0BB6}
	EndGlobalSection
	GlobalSection(ExtensibilityGlobals) = postSolution
		SolutionGuid = {A629F572-4FEF-49B0-9D97-2A2D63A669A1}
	EndGlobalSection
EndGlobal
